// !$*UTF8*$!
{
	archiveVersion = 1;
	classes = {
	};
	objectVersion = 48;
	objects = {

/* Begin PBXBuildFile section */
		2B19694E20D781E100E28E42 /* AppDelegate.swift in Sources */ = {isa = PBXBuildFile; fileRef = 2B19694D20D781E100E28E42 /* AppDelegate.swift */; };
		2B19695020D781E100E28E42 /* ViewController.swift in Sources */ = {isa = PBXBuildFile; fileRef = 2B19694F20D781E100E28E42 /* ViewController.swift */; };
		2B19695320D781E100E28E42 /* Main.storyboard in Resources */ = {isa = PBXBuildFile; fileRef = 2B19695120D781E100E28E42 /* Main.storyboard */; };
		2B19695620D781E100E28E42 /* TaskB.xcdatamodeld in Sources */ = {isa = PBXBuildFile; fileRef = 2B19695420D781E100E28E42 /* TaskB.xcdatamodeld */; };
		2B19695820D781E100E28E42 /* Assets.xcassets in Resources */ = {isa = PBXBuildFile; fileRef = 2B19695720D781E100E28E42 /* Assets.xcassets */; };
		2B19695B20D781E200E28E42 /* LaunchScreen.storyboard in Resources */ = {isa = PBXBuildFile; fileRef = 2B19695920D781E200E28E42 /* LaunchScreen.storyboard */; };
		2B19696620D781E200E28E42 /* TaskBTests.swift in Sources */ = {isa = PBXBuildFile; fileRef = 2B19696520D781E200E28E42 /* TaskBTests.swift */; };
		2B19697120D781E200E28E42 /* TaskBUITests.swift in Sources */ = {isa = PBXBuildFile; fileRef = 2B19697020D781E200E28E42 /* TaskBUITests.swift */; };
/* End PBXBuildFile section */

/* Begin PBXContainerItemProxy section */
		2B19696220D781E200E28E42 /* PBXContainerItemProxy */ = {
			isa = PBXContainerItemProxy;
			containerPortal = 2B19694220D781E100E28E42 /* Project object */;
			proxyType = 1;
			remoteGlobalIDString = 2B19694920D781E100E28E42;
			remoteInfo = TaskB;
		};
		2B19696D20D781E200E28E42 /* PBXContainerItemProxy */ = {
			isa = PBXContainerItemProxy;
			containerPortal = 2B19694220D781E100E28E42 /* Project object */;
			proxyType = 1;
			remoteGlobalIDString = 2B19694920D781E100E28E42;
			remoteInfo = TaskB;
		};
/* End PBXContainerItemProxy section */

/* Begin PBXFileReference section */
		2B19694A20D781E100E28E42 /* TaskB.app */ = {isa = PBXFileReference; explicitFileType = wrapper.application; includeInIndex = 0; path = TaskB.app; sourceTree = BUILT_PRODUCTS_DIR; };
		2B19694D20D781E100E28E42 /* AppDelegate.swift */ = {isa = PBXFileReference; lastKnownFileType = sourcecode.swift; path = AppDelegate.swift; sourceTree = "<group>"; };
		2B19694F20D781E100E28E42 /* ViewController.swift */ = {isa = PBXFileReference; lastKnownFileType = sourcecode.swift; path = ViewController.swift; sourceTree = "<group>"; };
		2B19695220D781E100E28E42 /* Base */ = {isa = PBXFileReference; lastKnownFileType = file.storyboard; name = Base; path = Base.lproj/Main.storyboard; sourceTree = "<group>"; };
		2B19695520D781E100E28E42 /* TaskB.xcdatamodel */ = {isa = PBXFileReference; lastKnownFileType = wrapper.xcdatamodel; path = TaskB.xcdatamodel; sourceTree = "<group>"; };
		2B19695720D781E100E28E42 /* Assets.xcassets */ = {isa = PBXFileReference; lastKnownFileType = folder.assetcatalog; path = Assets.xcassets; sourceTree = "<group>"; };
		2B19695A20D781E200E28E42 /* Base */ = {isa = PBXFileReference; lastKnownFileType = file.storyboard; name = Base; path = Base.lproj/LaunchScreen.storyboard; sourceTree = "<group>"; };
		2B19695C20D781E200E28E42 /* Info.plist */ = {isa = PBXFileReference; lastKnownFileType = text.plist.xml; path = Info.plist; sourceTree = "<group>"; };
		2B19696120D781E200E28E42 /* TaskBTests.xctest */ = {isa = PBXFileReference; explicitFileType = wrapper.cfbundle; includeInIndex = 0; path = TaskBTests.xctest; sourceTree = BUILT_PRODUCTS_DIR; };
		2B19696520D781E200E28E42 /* TaskBTests.swift */ = {isa = PBXFileReference; lastKnownFileType = sourcecode.swift; path = TaskBTests.swift; sourceTree = "<group>"; };
		2B19696720D781E200E28E42 /* Info.plist */ = {isa = PBXFileReference; lastKnownFileType = text.plist.xml; path = Info.plist; sourceTree = "<group>"; };
		2B19696C20D781E200E28E42 /* TaskBUITests.xctest */ = {isa = PBXFileReference; explicitFileType = wrapper.cfbundle; includeInIndex = 0; path = TaskBUITests.xctest; sourceTree = BUILT_PRODUCTS_DIR; };
		2B19697020D781E200E28E42 /* TaskBUITests.swift */ = {isa = PBXFileReference; lastKnownFileType = sourcecode.swift; path = TaskBUITests.swift; sourceTree = "<group>"; };
		2B19697220D781E200E28E42 /* Info.plist */ = {isa = PBXFileReference; lastKnownFileType = text.plist.xml; path = Info.plist; sourceTree = "<group>"; };
/* End PBXFileReference section */

/* Begin PBXFrameworksBuildPhase section */
		2B19694720D781E100E28E42 /* Frameworks */ = {
			isa = PBXFrameworksBuildPhase;
			buildActionMask = 2147483647;
			files = (
			);
			runOnlyForDeploymentPostprocessing = 0;
		};
		2B19695E20D781E200E28E42 /* Frameworks */ = {
			isa = PBXFrameworksBuildPhase;
			buildActionMask = 2147483647;
			files = (
			);
			runOnlyForDeploymentPostprocessing = 0;
		};
		2B19696920D781E200E28E42 /* Frameworks */ = {
			isa = PBXFrameworksBuildPhase;
			buildActionMask = 2147483647;
			files = (
			);
			runOnlyForDeploymentPostprocessing = 0;
		};
/* End PBXFrameworksBuildPhase section */

/* Begin PBXGroup section */
		2B19694120D781E100E28E42 = {
			isa = PBXGroup;
			children = (
				2B19694C20D781E100E28E42 /* TaskB */,
				2B19696420D781E200E28E42 /* TaskBTests */,
				2B19696F20D781E200E28E42 /* TaskBUITests */,
				2B19694B20D781E100E28E42 /* Products */,
			);
			sourceTree = "<group>";
		};
		2B19694B20D781E100E28E42 /* Products */ = {
			isa = PBXGroup;
			children = (
				2B19694A20D781E100E28E42 /* TaskB.app */,
				2B19696120D781E200E28E42 /* TaskBTests.xctest */,
				2B19696C20D781E200E28E42 /* TaskBUITests.xctest */,
			);
			name = Products;
			sourceTree = "<group>";
		};
		2B19694C20D781E100E28E42 /* TaskB */ = {
			isa = PBXGroup;
			children = (
				2B19694D20D781E100E28E42 /* AppDelegate.swift */,
				2B19694F20D781E100E28E42 /* ViewController.swift */,
				2B19695120D781E100E28E42 /* Main.storyboard */,
				2B19695720D781E100E28E42 /* Assets.xcassets */,
				2B19695920D781E200E28E42 /* LaunchScreen.storyboard */,
				2B19695C20D781E200E28E42 /* Info.plist */,
				2B19695420D781E100E28E42 /* TaskB.xcdatamodeld */,
			);
			path = TaskB;
			sourceTree = "<group>";
		};
		2B19696420D781E200E28E42 /* TaskBTests */ = {
			isa = PBXGroup;
			children = (
				2B19696520D781E200E28E42 /* TaskBTests.swift */,
				2B19696720D781E200E28E42 /* Info.plist */,
			);
			path = TaskBTests;
			sourceTree = "<group>";
		};
		2B19696F20D781E200E28E42 /* TaskBUITests */ = {
			isa = PBXGroup;
			children = (
				2B19697020D781E200E28E42 /* TaskBUITests.swift */,
				2B19697220D781E200E28E42 /* Info.plist */,
			);
			path = TaskBUITests;
			sourceTree = "<group>";
		};
/* End PBXGroup section */

/* Begin PBXNativeTarget section */
		2B19694920D781E100E28E42 /* TaskB */ = {
			isa = PBXNativeTarget;
			buildConfigurationList = 2B19697520D781E200E28E42 /* Build configuration list for PBXNativeTarget "TaskB" */;
			buildPhases = (
				2B19694620D781E100E28E42 /* Sources */,
				2B19694720D781E100E28E42 /* Frameworks */,
				2B19694820D781E100E28E42 /* Resources */,
			);
			buildRules = (
			);
			dependencies = (
			);
			name = TaskB;
			productName = TaskB;
			productReference = 2B19694A20D781E100E28E42 /* TaskB.app */;
			productType = "com.apple.product-type.application";
		};
		2B19696020D781E200E28E42 /* TaskBTests */ = {
			isa = PBXNativeTarget;
			buildConfigurationList = 2B19697820D781E200E28E42 /* Build configuration list for PBXNativeTarget "TaskBTests" */;
			buildPhases = (
				2B19695D20D781E200E28E42 /* Sources */,
				2B19695E20D781E200E28E42 /* Frameworks */,
				2B19695F20D781E200E28E42 /* Resources */,
			);
			buildRules = (
			);
			dependencies = (
				2B19696320D781E200E28E42 /* PBXTargetDependency */,
			);
			name = TaskBTests;
			productName = TaskBTests;
			productReference = 2B19696120D781E200E28E42 /* TaskBTests.xctest */;
			productType = "com.apple.product-type.bundle.unit-test";
		};
		2B19696B20D781E200E28E42 /* TaskBUITests */ = {
			isa = PBXNativeTarget;
			buildConfigurationList = 2B19697B20D781E200E28E42 /* Build configuration list for PBXNativeTarget "TaskBUITests" */;
			buildPhases = (
				2B19696820D781E200E28E42 /* Sources */,
				2B19696920D781E200E28E42 /* Frameworks */,
				2B19696A20D781E200E28E42 /* Resources */,
			);
			buildRules = (
			);
			dependencies = (
				2B19696E20D781E200E28E42 /* PBXTargetDependency */,
			);
			name = TaskBUITests;
			productName = TaskBUITests;
			productReference = 2B19696C20D781E200E28E42 /* TaskBUITests.xctest */;
			productType = "com.apple.product-type.bundle.ui-testing";
		};
/* End PBXNativeTarget section */

/* Begin PBXProject section */
		2B19694220D781E100E28E42 /* Project object */ = {
			isa = PBXProject;
			attributes = {
				LastSwiftUpdateCheck = 0910;
				LastUpgradeCheck = 0910;
				ORGANIZATIONNAME = Aktrix;
				TargetAttributes = {
					2B19694920D781E100E28E42 = {
						CreatedOnToolsVersion = 9.1;
						ProvisioningStyle = Automatic;
					};
					2B19696020D781E200E28E42 = {
						CreatedOnToolsVersion = 9.1;
						ProvisioningStyle = Automatic;
						TestTargetID = 2B19694920D781E100E28E42;
					};
					2B19696B20D781E200E28E42 = {
						CreatedOnToolsVersion = 9.1;
						ProvisioningStyle = Automatic;
						TestTargetID = 2B19694920D781E100E28E42;
					};
				};
			};
			buildConfigurationList = 2B19694520D781E100E28E42 /* Build configuration list for PBXProject "TaskB" */;
			compatibilityVersion = "Xcode 8.0";
			developmentRegion = en;
			hasScannedForEncodings = 0;
			knownRegions = (
				en,
				Base,
			);
			mainGroup = 2B19694120D781E100E28E42;
			productRefGroup = 2B19694B20D781E100E28E42 /* Products */;
			projectDirPath = "";
			projectRoot = "";
			targets = (
				2B19694920D781E100E28E42 /* TaskB */,
				2B19696020D781E200E28E42 /* TaskBTests */,
				2B19696B20D781E200E28E42 /* TaskBUITests */,
			);
		};
/* End PBXProject section */

/* Begin PBXResourcesBuildPhase section */
		2B19694820D781E100E28E42 /* Resources */ = {
			isa = PBXResourcesBuildPhase;
			buildActionMask = 2147483647;
			files = (
				2B19695B20D781E200E28E42 /* LaunchScreen.storyboard in Resources */,
				2B19695820D781E100E28E42 /* Assets.xcassets in Resources */,
				2B19695320D781E100E28E42 /* Main.storyboard in Resources */,
			);
			runOnlyForDeploymentPostprocessing = 0;
		};
		2B19695F20D781E200E28E42 /* Resources */ = {
			isa = PBXResourcesBuildPhase;
			buildActionMask = 2147483647;
			files = (
			);
			runOnlyForDeploymentPostprocessing = 0;
		};
		2B19696A20D781E200E28E42 /* Resources */ = {
			isa = PBXResourcesBuildPhase;
			buildActionMask = 2147483647;
			files = (
			);
			runOnlyForDeploymentPostprocessing = 0;
		};
/* End PBXResourcesBuildPhase section */

/* Begin PBXSourcesBuildPhase section */
		2B19694620D781E100E28E42 /* Sources */ = {
			isa = PBXSourcesBuildPhase;
			buildActionMask = 2147483647;
			files = (
				2B19695620D781E100E28E42 /* TaskB.xcdatamodeld in Sources */,
				2B19695020D781E100E28E42 /* ViewController.swift in Sources */,
				2B19694E20D781E100E28E42 /* AppDelegate.swift in Sources */,
			);
			runOnlyForDeploymentPostprocessing = 0;
		};
		2B19695D20D781E200E28E42 /* Sources */ = {
			isa = PBXSourcesBuildPhase;
			buildActionMask = 2147483647;
			files = (
				2B19696620D781E200E28E42 /* TaskBTests.swift in Sources */,
			);
			runOnlyForDeploymentPostprocessing = 0;
		};
		2B19696820D781E200E28E42 /* Sources */ = {
			isa = PBXSourcesBuildPhase;
			buildActionMask = 2147483647;
			files = (
				2B19697120D781E200E28E42 /* TaskBUITests.swift in Sources */,
			);
			runOnlyForDeploymentPostprocessing = 0;
		};
/* End PBXSourcesBuildPhase section */

/* Begin PBXTargetDependency section */
		2B19696320D781E200E28E42 /* PBXTargetDependency */ = {
			isa = PBXTargetDependency;
			target = 2B19694920D781E100E28E42 /* TaskB */;
			targetProxy = 2B19696220D781E200E28E42 /* PBXContainerItemProxy */;
		};
		2B19696E20D781E200E28E42 /* PBXTargetDependency */ = {
			isa = PBXTargetDependency;
			target = 2B19694920D781E100E28E42 /* TaskB */;
			targetProxy = 2B19696D20D781E200E28E42 /* PBXContainerItemProxy */;
		};
/* End PBXTargetDependency section */

/* Begin PBXVariantGroup section */
		2B19695120D781E100E28E42 /* Main.storyboard */ = {
			isa = PBXVariantGroup;
			children = (
				2B19695220D781E100E28E42 /* Base */,
			);
			name = Main.storyboard;
			sourceTree = "<group>";
		};
		2B19695920D781E200E28E42 /* LaunchScreen.storyboard */ = {
			isa = PBXVariantGroup;
			children = (
				2B19695A20D781E200E28E42 /* Base */,
			);
			name = LaunchScreen.storyboard;
			sourceTree = "<group>";
		};
/* End PBXVariantGroup section */

/* Begin XCBuildConfiguration section */
		2B19697320D781E200E28E42 /* Debug */ = {
			isa = XCBuildConfiguration;
			buildSettings = {
				ALWAYS_SEARCH_USER_PATHS = NO;
				CLANG_ANALYZER_NONNULL = YES;
				CLANG_ANALYZER_NUMBER_OBJECT_CONVERSION = YES_AGGRESSIVE;
				CLANG_CXX_LANGUAGE_STANDARD = "gnu++14";
				CLANG_CXX_LIBRARY = "libc++";
				CLANG_ENABLE_MODULES = YES;
				CLANG_ENABLE_OBJC_ARC = YES;
				CLANG_WARN_BLOCK_CAPTURE_AUTORELEASING = YES;
				CLANG_WARN_BOOL_CONVERSION = YES;
				CLANG_WARN_COMMA = YES;
				CLANG_WARN_CONSTANT_CONVERSION = YES;
				CLANG_WARN_DIRECT_OBJC_ISA_USAGE = YES_ERROR;
				CLANG_WARN_DOCUMENTATION_COMMENTS = YES;
				CLANG_WARN_EMPTY_BODY = YES;
				CLANG_WARN_ENUM_CONVERSION = YES;
				CLANG_WARN_INFINITE_RECURSION = YES;
				CLANG_WARN_INT_CONVERSION = YES;
				CLANG_WARN_NON_LITERAL_NULL_CONVERSION = YES;
				CLANG_WARN_OBJC_LITERAL_CONVERSION = YES;
				CLANG_WARN_OBJC_ROOT_CLASS = YES_ERROR;
				CLANG_WARN_RANGE_LOOP_ANALYSIS = YES;
				CLANG_WARN_STRICT_PROTOTYPES = YES;
				CLANG_WARN_SUSPICIOUS_MOVE = YES;
				CLANG_WARN_UNGUARDED_AVAILABILITY = YES_AGGRESSIVE;
				CLANG_WARN_UNREACHABLE_CODE = YES;
				CLANG_WARN__DUPLICATE_METHOD_MATCH = YES;
				CODE_SIGN_IDENTITY = "iPhone Developer";
				COPY_PHASE_STRIP = NO;
				DEBUG_INFORMATION_FORMAT = dwarf;
				ENABLE_STRICT_OBJC_MSGSEND = YES;
				ENABLE_TESTABILITY = YES;
				GCC_C_LANGUAGE_STANDARD = gnu11;
				GCC_DYNAMIC_NO_PIC = NO;
				GCC_NO_COMMON_BLOCKS = YES;
				GCC_OPTIMIZATION_LEVEL = 0;
				GCC_PREPROCESSOR_DEFINITIONS = (
					"DEBUG=1",
					"$(inherited)",
				);
				GCC_WARN_64_TO_32_BIT_CONVERSION = YES;
				GCC_WARN_ABOUT_RETURN_TYPE = YES_ERROR;
				GCC_WARN_UNDECLARED_SELECTOR = YES;
				GCC_WARN_UNINITIALIZED_AUTOS = YES_AGGRESSIVE;
				GCC_WARN_UNUSED_FUNCTION = YES;
				GCC_WARN_UNUSED_VARIABLE = YES;
				IPHONEOS_DEPLOYMENT_TARGET = 11.1;
				MTL_ENABLE_DEBUG_INFO = YES;
				ONLY_ACTIVE_ARCH = YES;
				SDKROOT = iphoneos;
				SWIFT_ACTIVE_COMPILATION_CONDITIONS = DEBUG;
				SWIFT_OPTIMIZATION_LEVEL = "-Onone";
			};
			name = Debug;
		};
		2B19697420D781E200E28E42 /* Release */ = {
			isa = XCBuildConfiguration;
			buildSettings = {
				ALWAYS_SEARCH_USER_PATHS = NO;
				CLANG_ANALYZER_NONNULL = YES;
				CLANG_ANALYZER_NUMBER_OBJECT_CONVERSION = YES_AGGRESSIVE;
				CLANG_CXX_LANGUAGE_STANDARD = "gnu++14";
				CLANG_CXX_LIBRARY = "libc++";
				CLANG_ENABLE_MODULES = YES;
				CLANG_ENABLE_OBJC_ARC = YES;
				CLANG_WARN_BLOCK_CAPTURE_AUTORELEASING = YES;
				CLANG_WARN_BOOL_CONVERSION = YES;
				CLANG_WARN_COMMA = YES;
				CLANG_WARN_CONSTANT_CONVERSION = YES;
				CLANG_WARN_DIRECT_OBJC_ISA_USAGE = YES_ERROR;
				CLANG_WARN_DOCUMENTATION_COMMENTS = YES;
				CLANG_WARN_EMPTY_BODY = YES;
				CLANG_WARN_ENUM_CONVERSION = YES;
				CLANG_WARN_INFINITE_RECURSION = YES;
				CLANG_WARN_INT_CONVERSION = YES;
				CLANG_WARN_NON_LITERAL_NULL_CONVERSION = YES;
				CLANG_WARN_OBJC_LITERAL_CONVERSION = YES;
				CLANG_WARN_OBJC_ROOT_CLASS = YES_ERROR;
				CLANG_WARN_RANGE_LOOP_ANALYSIS = YES;
				CLANG_WARN_STRICT_PROTOTYPES = YES;
				CLANG_WARN_SUSPICIOUS_MOVE = YES;
				CLANG_WARN_UNGUARDED_AVAILABILITY = YES_AGGRESSIVE;
				CLANG_WARN_UNREACHABLE_CODE = YES;
				CLANG_WARN__DUPLICATE_METHOD_MATCH = YES;
				CODE_SIGN_IDENTITY = "iPhone Developer";
				COPY_PHASE_STRIP = NO;
				DEBUG_INFORMATION_FORMAT = "dwarf-with-dsym";
				ENABLE_NS_ASSERTIONS = NO;
				ENABLE_STRICT_OBJC_MSGSEND = YES;
				GCC_C_LANGUAGE_STANDARD = gnu11;
				GCC_NO_COMMON_BLOCKS = YES;
				GCC_WARN_64_TO_32_BIT_CONVERSION = YES;
				GCC_WARN_ABOUT_RETURN_TYPE = YES_ERROR;
				GCC_WARN_UNDECLARED_SELECTOR = YES;
				GCC_WARN_UNINITIALIZED_AUTOS = YES_AGGRESSIVE;
				GCC_WARN_UNUSED_FUNCTION = YES;
				GCC_WARN_UNUSED_VARIABLE = YES;
				IPHONEOS_DEPLOYMENT_TARGET = 11.1;
				MTL_ENABLE_DEBUG_INFO = NO;
				SDKROOT = iphoneos;
				SWIFT_OPTIMIZATION_LEVEL = "-Owholemodule";
				VALIDATE_PRODUCT = YES;
			};
			name = Release;
		};
		2B19697620D781E200E28E42 /* Debug */ = {
			isa = XCBuildConfiguration;
			buildSettings = {
				ASSETCATALOG_COMPILER_APPICON_NAME = AppIcon;
				CODE_SIGN_STYLE = Automatic;
				INFOPLIST_FILE = TaskB/Info.plist;
				LD_RUNPATH_SEARCH_PATHS = "$(inherited) @executable_path/Frameworks";
				PRODUCT_BUNDLE_IDENTIFIER = Aktrix.TaskB;
				PRODUCT_NAME = "$(TARGET_NAME)";
				SWIFT_VERSION = 4.0;
				TARGETED_DEVICE_FAMILY = "1,2";
			};
			name = Debug;
		};
		2B19697720D781E200E28E42 /* Release */ = {
			isa = XCBuildConfiguration;
			buildSettings = {
				ASSETCATALOG_COMPILER_APPICON_NAME = AppIcon;
				CODE_SIGN_STYLE = Automatic;
				INFOPLIST_FILE = TaskB/Info.plist;
				LD_RUNPATH_SEARCH_PATHS = "$(inherited) @executable_path/Frameworks";
				PRODUCT_BUNDLE_IDENTIFIER = Aktrix.TaskB;
				PRODUCT_NAME = "$(TARGET_NAME)";
				SWIFT_VERSION = 4.0;
				TARGETED_DEVICE_FAMILY = "1,2";
			};
			name = Release;
		};
		2B19697920D781E200E28E42 /* Debug */ = {
			isa = XCBuildConfiguration;
			buildSettings = {
				ALWAYS_EMBED_SWIFT_STANDARD_LIBRARIES = YES;
				BUNDLE_LOADER = "$(TEST_HOST)";
				CODE_SIGN_STYLE = Automatic;
				INFOPLIST_FILE = TaskBTests/Info.plist;
				LD_RUNPATH_SEARCH_PATHS = "$(inherited) @executable_path/Frameworks @loader_path/Frameworks";
				PRODUCT_BUNDLE_IDENTIFIER = Aktrix.TaskBTests;
				PRODUCT_NAME = "$(TARGET_NAME)";
				SWIFT_VERSION = 4.0;
				TARGETED_DEVICE_FAMILY = "1,2";
				TEST_HOST = "$(BUILT_PRODUCTS_DIR)/TaskB.app/TaskB";
			};
			name = Debug;
		};
		2B19697A20D781E200E28E42 /* Release */ = {
			isa = XCBuildConfiguration;
			buildSettings = {
				ALWAYS_EMBED_SWIFT_STANDARD_LIBRARIES = YES;
				BUNDLE_LOADER = "$(TEST_HOST)";
				CODE_SIGN_STYLE = Automatic;
				INFOPLIST_FILE = TaskBTests/Info.plist;
				LD_RUNPATH_SEARCH_PATHS = "$(inherited) @executable_path/Frameworks @loader_path/Frameworks";
				PRODUCT_BUNDLE_IDENTIFIER = Aktrix.TaskBTests;
				PRODUCT_NAME = "$(TARGET_NAME)";
				SWIFT_VERSION = 4.0;
				TARGETED_DEVICE_FAMILY = "1,2";
				TEST_HOST = "$(BUILT_PRODUCTS_DIR)/TaskB.app/TaskB";
			};
			name = Release;
		};
		2B19697C20D781E200E28E42 /* Debug */ = {
			isa = XCBuildConfiguration;
			buildSettings = {
				ALWAYS_EMBED_SWIFT_STANDARD_LIBRARIES = YES;
				CODE_SIGN_STYLE = Automatic;
				INFOPLIST_FILE = TaskBUITests/Info.plist;
				LD_RUNPATH_SEARCH_PATHS = "$(inherited) @executable_path/Frameworks @loader_path/Frameworks";
				PRODUCT_BUNDLE_IDENTIFIER = Aktrix.TaskBUITests;
				PRODUCT_NAME = "$(TARGET_NAME)";
				SWIFT_VERSION = 4.0;
				TARGETED_DEVICE_FAMILY = "1,2";
				TEST_TARGET_NAME = TaskB;
			};
			name = Debug;
		};
		2B19697D20D781E200E28E42 /* Release */ = {
			isa = XCBuildConfiguration;
			buildSettings = {
				ALWAYS_EMBED_SWIFT_STANDARD_LIBRARIES = YES;
				CODE_SIGN_STYLE = Automatic;
				INFOPLIST_FILE = TaskBUITests/Info.plist;
				LD_RUNPATH_SEARCH_PATHS = "$(inherited) @executable_path/Frameworks @loader_path/Frameworks";
				PRODUCT_BUNDLE_IDENTIFIER = Aktrix.TaskBUITests;
				PRODUCT_NAME = "$(TARGET_NAME)";
				SWIFT_VERSION = 4.0;
				TARGETED_DEVICE_FAMILY = "1,2";
				TEST_TARGET_NAME = TaskB;
			};
			name = Release;
		};
/* End XCBuildConfiguration section */

/* Begin XCConfigurationList section */
		2B19694520D781E100E28E42 /* Build configuration list for PBXProject "TaskB" */ = {
			isa = XCConfigurationList;
			buildConfigurations = (
				2B19697320D781E200E28E42 /* Debug */,
				2B19697420D781E200E28E42 /* Release */,
			);
			defaultConfigurationIsVisible = 0;
			defaultConfigurationName = Release;
		};
		2B19697520D781E200E28E42 /* Build configuration list for PBXNativeTarget "TaskB" */ = {
			isa = XCConfigurationList;
			buildConfigurations = (
				2B19697620D781E200E28E42 /* Debug */,
				2B19697720D781E200E28E42 /* Release */,
			);
			defaultConfigurationIsVisible = 0;
			defaultConfigurationName = Release;
		};
		2B19697820D781E200E28E42 /* Build configuration list for PBXNativeTarget "TaskBTests" */ = {
			isa = XCConfigurationList;
			buildConfigurations = (
				2B19697920D781E200E28E42 /* Debug */,
				2B19697A20D781E200E28E42 /* Release */,
			);
			defaultConfigurationIsVisible = 0;
			defaultConfigurationName = Release;
		};
		2B19697B20D781E200E28E42 /* Build configuration list for PBXNativeTarget "TaskBUITests" */ = {
			isa = XCConfigurationList;
			buildConfigurations = (
				2B19697C20D781E200E28E42 /* Debug */,
				2B19697D20D781E200E28E42 /* Release */,
			);
			defaultConfigurationIsVisible = 0;
			defaultConfigurationName = Release;
		};
/* End XCConfigurationList section */

/* Begin XCVersionGroup section */
		2B19695420D781E100E28E42 /* TaskB.xcdatamodeld */ = {
			isa = XCVersionGroup;
			children = (
				2B19695520D781E100E28E42 /* TaskB.xcdatamodel */,
			);
			currentVersion = 2B19695520D781E100E28E42 /* TaskB.xcdatamodel */;
			path = TaskB.xcdatamodeld;
			sourceTree = "<group>";
			versionGroupType = wrapper.xcdatamodel;
		};
/* End XCVersionGroup section */
	};
	rootObject = 2B19694220D781E100E28E42 /* Project object */;
}
